
Microsoft Visual Studio Solution File, Format Version 12.00
# Visual Studio Version 16
VisualStudioVersion = 16.0.31321.278
MinimumVisualStudioVersion = 10.0.40219.1
Project("{9A19103F-16F7-4668-BE54-9A1E7A4F7556}") = "HR_System", "HR_System\HR_System.csproj", "{8F30293F-D146-49D4-9DDD-D136199B718F}"
EndProject
Project("{9A19103F-16F7-4668-BE54-9A1E7A4F7556}") = "BusinessLogic", "BusinessLogic\BusinessLogic.csproj", "{024F7DF5-4ABD-46D8-A260-083F8FB8D666}"
EndProject
Project("{9A19103F-16F7-4668-BE54-9A1E7A4F7556}") = "DataAccess", "DataAccess\DataAccess.csproj", "{0481DE19-6BCC-4541-84FF-4F4FCA2C0296}"
EndProject
Global
	GlobalSection(SolutionConfigurationPlatforms) = preSolution
		Debug|Any CPU = Debug|Any CPU
		Release|Any CPU = Release|Any CPU
	EndGlobalSection
	GlobalSection(ProjectConfigurationPlatforms) = postSolution
		{8F30293F-D146-49D4-9DDD-D136199B718F}.Debug|Any CPU.ActiveCfg = Debug|Any CPU
		{8F30293F-D146-49D4-9DDD-D136199B718F}.Debug|Any CPU.Build.0 = Debug|Any CPU
		{8F30293F-D146-49D4-9DDD-D136199B718F}.Release|Any CPU.ActiveCfg = Release|Any CPU
		{8F30293F-D146-49D4-9DDD-D136199B718F}.Release|Any CPU.Build.0 = Release|Any CPU
		{024F7DF5-4ABD-46D8-A260-083F8FB8D666}.Debug|Any CPU.ActiveCfg = Debug|Any CPU
		{024F7DF5-4ABD-46D8-A260-083F8FB8D666}.Debug|Any CPU.Build.0 = Debug|Any CPU
		{024F7DF5-4ABD-46D8-A260-083F8FB8D666}.Release|Any CPU.ActiveCfg = Release|Any CPU
		{024F7DF5-4ABD-46D8-A260-083F8FB8D666}.Release|Any CPU.Build.0 = Release|Any CPU
		{0481DE19-6BCC-4541-84FF-4F4FCA2C0296}.Debug|Any CPU.ActiveCfg = Debug|Any CPU
		{0481DE19-6BCC-4541-84FF-4F4FCA2C0296}.Debug|Any CPU.Build.0 = Debug|Any CPU
		{0481DE19-6BCC-4541-84FF-4F4FCA2C0296}.Release|Any CPU.ActiveCfg = Release|Any CPU
		{0481DE19-6BCC-4541-84FF-4F4FCA2C0296}.Release|Any CPU.Build.0 = Release|Any CPU
	EndGlobalSection
	GlobalSection(SolutionProperties) = preSolution
		HideSolutionNode = FALSE
	EndGlobalSection
	GlobalSection(ExtensibilityGlobals) = postSolution
		SolutionGuid = {02CC6F3D-670D-4F5A-8A7A-3CC8E3A2A0D7}
	EndGlobalSection
EndGlobal
